
Microsoft Visual Studio Solution File, Format Version 12.00
# Visual Studio Version 16
VisualStudioVersion = 16.0.30717.126
MinimumVisualStudioVersion = 10.0.40219.1
Project("{8BC9CEB8-8B4A-11D0-8D11-00A0C91BC942}") = "day01", "day01\day01.vcxproj", "{50702D17-2C92-4CCD-B0E4-0D6C0DC13808}"
EndProject
Project("{8BC9CEB8-8B4A-11D0-8D11-00A0C91BC942}") = "day02", "day02\day02.vcxproj", "{A9AD4C25-462E-4926-8A4B-9F282ABECEB0}"
EndProject
Project("{8BC9CEB8-8B4A-11D0-8D11-00A0C91BC942}") = "day03", "day03\day03.vcxproj", "{A1D12699-A469-4493-8EB7-02D5E0A32AD6}"
EndProject
Project("{8BC9CEB8-8B4A-11D0-8D11-00A0C91BC942}") = "day04", "day04\day04.vcxproj", "{8E97802F-6529-4708-B5C7-343F14E94D09}"
EndProject
Project("{8BC9CEB8-8B4A-11D0-8D11-00A0C91BC942}") = "day05", "day05\day05.vcxproj", "{C45A7F77-BE2F-45D0-B04B-3711168C0149}"
EndProject
Project("{8BC9CEB8-8B4A-11D0-8D11-00A0C91BC942}") = "day06", "day06\day06.vcxproj", "{6AC3CFC1-8FD2-41A2-83B2-46C40CEF0995}"
EndProject
Project("{8BC9CEB8-8B4A-11D0-8D11-00A0C91BC942}") = "day07", "day07\day07.vcxproj", "{4A188491-752B-4885-AD8A-31A34672881B}"
EndProject
Project("{8BC9CEB8-8B4A-11D0-8D11-00A0C91BC942}") = "day08", "day08\day08.vcxproj", "{B0207526-278F-4798-943A-216E3B8A98B5}"
EndProject
Project("{8BC9CEB8-8B4A-11D0-8D11-00A0C91BC942}") = "day09", "day09\day09.vcxproj", "{8C19F163-601A-49C1-8CB7-E013859BFF10}"
EndProject
Project("{8BC9CEB8-8B4A-11D0-8D11-00A0C91BC942}") = "day10", "day10\day10.vcxproj", "{5294315F-C5DF-449B-BBD5-BE4596C5DA3E}"
EndProject
Project("{8BC9CEB8-8B4A-11D0-8D11-00A0C91BC942}") = "day11", "day11\day11.vcxproj", "{CEFCFB05-DACE-43B8-9806-C34C187D5659}"
EndProject
Project("{8BC9CEB8-8B4A-11D0-8D11-00A0C91BC942}") = "day12", "day12\day12.vcxproj", "{82335E6B-3FFB-475B-B464-40ADC253CBD0}"
EndProject
Project("{8BC9CEB8-8B4A-11D0-8D11-00A0C91BC942}") = "day13", "day13\day13.vcxproj", "{F1E47E62-947D-4B94-BB27-1AF2931D7A77}"
EndProject
Project("{8BC9CEB8-8B4A-11D0-8D11-00A0C91BC942}") = "day14", "day14\day14.vcxproj", "{A709AB6E-77E4-468F-A67E-055DBED37DC6}"
EndProject
Project("{8BC9CEB8-8B4A-11D0-8D11-00A0C91BC942}") = "day15", "day15\day15.vcxproj", "{DD56FF65-0A0A-40B5-912E-2D3131B9640D}"
EndProject
Global
	GlobalSection(SolutionConfigurationPlatforms) = preSolution
		Debug|x64 = Debug|x64
		Debug|x86 = Debug|x86
		Release|x64 = Release|x64
		Release|x86 = Release|x86
	EndGlobalSection
	GlobalSection(ProjectConfigurationPlatforms) = postSolution
		{50702D17-2C92-4CCD-B0E4-0D6C0DC13808}.Debug|x64.ActiveCfg = Debug|x64
		{50702D17-2C92-4CCD-B0E4-0D6C0DC13808}.Debug|x64.Build.0 = Debug|x64
		{50702D17-2C92-4CCD-B0E4-0D6C0DC13808}.Debug|x86.ActiveCfg = Debug|Win32
		{50702D17-2C92-4CCD-B0E4-0D6C0DC13808}.Debug|x86.Build.0 = Debug|Win32
		{50702D17-2C92-4CCD-B0E4-0D6C0DC13808}.Release|x64.ActiveCfg = Release|x64
		{50702D17-2C92-4CCD-B0E4-0D6C0DC13808}.Release|x64.Build.0 = Release|x64
		{50702D17-2C92-4CCD-B0E4-0D6C0DC13808}.Release|x86.ActiveCfg = Release|Win32
		{50702D17-2C92-4CCD-B0E4-0D6C0DC13808}.Release|x86.Build.0 = Release|Win32
		{A9AD4C25-462E-4926-8A4B-9F282ABECEB0}.Debug|x64.ActiveCfg = Debug|x64
		{A9AD4C25-462E-4926-8A4B-9F282ABECEB0}.Debug|x64.Build.0 = Debug|x64
		{A9AD4C25-462E-4926-8A4B-9F282ABECEB0}.Debug|x86.ActiveCfg = Debug|Win32
		{A9AD4C25-462E-4926-8A4B-9F282ABECEB0}.Debug|x86.Build.0 = Debug|Win32
		{A9AD4C25-462E-4926-8A4B-9F282ABECEB0}.Release|x64.ActiveCfg = Release|x64
		{A9AD4C25-462E-4926-8A4B-9F282ABECEB0}.Release|x64.Build.0 = Release|x64
		{A9AD4C25-462E-4926-8A4B-9F282ABECEB0}.Release|x86.ActiveCfg = Release|Win32
		{A9AD4C25-462E-4926-8A4B-9F282ABECEB0}.Release|x86.Build.0 = Release|Win32
		{A1D12699-A469-4493-8EB7-02D5E0A32AD6}.Debug|x64.ActiveCfg = Debug|x64
		{A1D12699-A469-4493-8EB7-02D5E0A32AD6}.Debug|x64.Build.0 = Debug|x64
		{A1D12699-A469-4493-8EB7-02D5E0A32AD6}.Debug|x86.ActiveCfg = Debug|Win32
		{A1D12699-A469-4493-8EB7-02D5E0A32AD6}.Debug|x86.Build.0 = Debug|Win32
		{A1D12699-A469-4493-8EB7-02D5E0A32AD6}.Release|x64.ActiveCfg = Release|x64
		{A1D12699-A469-4493-8EB7-02D5E0A32AD6}.Release|x64.Build.0 = Release|x64
		{A1D12699-A469-4493-8EB7-02D5E0A32AD6}.Release|x86.ActiveCfg = Release|Win32
		{A1D12699-A469-4493-8EB7-02D5E0A32AD6}.Release|x86.Build.0 = Release|Win32
		{8E97802F-6529-4708-B5C7-343F14E94D09}.Debug|x64.ActiveCfg = Debug|x64
		{8E97802F-6529-4708-B5C7-343F14E94D09}.Debug|x64.Build.0 = Debug|x64
		{8E97802F-6529-4708-B5C7-343F14E94D09}.Debug|x86.ActiveCfg = Debug|Win32
		{8E97802F-6529-4708-B5C7-343F14E94D09}.Debug|x86.Build.0 = Debug|Win32
		{8E97802F-6529-4708-B5C7-343F14E94D09}.Release|x64.ActiveCfg = Release|x64
		{8E97802F-6529-4708-B5C7-343F14E94D09}.Release|x64.Build.0 = Release|x64
		{8E97802F-6529-4708-B5C7-343F14E94D09}.Release|x86.ActiveCfg = Release|Win32
		{8E97802F-6529-4708-B5C7-343F14E94D09}.Release|x86.Build.0 = Release|Win32
		{C45A7F77-BE2F-45D0-B04B-3711168C0149}.Debug|x64.ActiveCfg = Debug|x64
		{C45A7F77-BE2F-45D0-B04B-3711168C0149}.Debug|x64.Build.0 = Debug|x64
		{C45A7F77-BE2F-45D0-B04B-3711168C0149}.Debug|x86.ActiveCfg = Debug|Win32
		{C45A7F77-BE2F-45D0-B04B-3711168C0149}.Debug|x86.Build.0 = Debug|Win32
		{C45A7F77-BE2F-45D0-B04B-3711168C0149}.Release|x64.ActiveCfg = Release|x64
		{C45A7F77-BE2F-45D0-B04B-3711168C0149}.Release|x64.Build.0 = Release|x64
		{C45A7F77-BE2F-45D0-B04B-3711168C0149}.Release|x86.ActiveCfg = Release|Win32
		{C45A7F77-BE2F-45D0-B04B-3711168C0149}.Release|x86.Build.0 = Release|Win32
		{6AC3CFC1-8FD2-41A2-83B2-46C40CEF0995}.Debug|x64.ActiveCfg = Debug|x64
		{6AC3CFC1-8FD2-41A2-83B2-46C40CEF0995}.Debug|x64.Build.0 = Debug|x64
		{6AC3CFC1-8FD2-41A2-83B2-46C40CEF0995}.Debug|x86.ActiveCfg = Debug|Win32
		{6AC3CFC1-8FD2-41A2-83B2-46C40CEF0995}.Debug|x86.Build.0 = Debug|Win32
		{6AC3CFC1-8FD2-41A2-83B2-46C40CEF0995}.Release|x64.ActiveCfg = Release|x64
		{6AC3CFC1-8FD2-41A2-83B2-46C40CEF0995}.Release|x64.Build.0 = Release|x64
		{6AC3CFC1-8FD2-41A2-83B2-46C40CEF0995}.Release|x86.ActiveCfg = Release|Win32
		{6AC3CFC1-8FD2-41A2-83B2-46C40CEF0995}.Release|x86.Build.0 = Release|Win32
		{4A188491-752B-4885-AD8A-31A34672881B}.Debug|x64.ActiveCfg = Debug|x64
		{4A188491-752B-4885-AD8A-31A34672881B}.Debug|x64.Build.0 = Debug|x64
		{4A188491-752B-4885-AD8A-31A34672881B}.Debug|x86.ActiveCfg = Debug|Win32
		{4A188491-752B-4885-AD8A-31A34672881B}.Debug|x86.Build.0 = Debug|Win32
		{4A188491-752B-4885-AD8A-31A34672881B}.Release|x64.ActiveCfg = Release|x64
		{4A188491-752B-4885-AD8A-31A34672881B}.Release|x64.Build.0 = Release|x64
		{4A188491-752B-4885-AD8A-31A34672881B}.Release|x86.ActiveCfg = Release|Win32
		{4A188491-752B-4885-AD8A-31A34672881B}.Release|x86.Build.0 = Release|Win32
		{B0207526-278F-4798-943A-216E3B8A98B5}.Debug|x64.ActiveCfg = Debug|x64
		{B0207526-278F-4798-943A-216E3B8A98B5}.Debug|x64.Build.0 = Debug|x64
		{B0207526-278F-4798-943A-216E3B8A98B5}.Debug|x86.ActiveCfg = Debug|Win32
		{B0207526-278F-4798-943A-216E3B8A98B5}.Debug|x86.Build.0 = Debug|Win32
		{B0207526-278F-4798-943A-216E3B8A98B5}.Release|x64.ActiveCfg = Release|x64
		{B0207526-278F-4798-943A-216E3B8A98B5}.Release|x64.Build.0 = Release|x64
		{B0207526-278F-4798-943A-216E3B8A98B5}.Release|x86.ActiveCfg = Release|Win32
		{B0207526-278F-4798-943A-216E3B8A98B5}.Release|x86.Build.0 = Release|Win32
		{8C19F163-601A-49C1-8CB7-E013859BFF10}.Debug|x64.ActiveCfg = Debug|x64
		{8C19F163-601A-49C1-8CB7-E013859BFF10}.Debug|x64.Build.0 = Debug|x64
		{8C19F163-601A-49C1-8CB7-E013859BFF10}.Debug|x86.ActiveCfg = Debug|Win32
		{8C19F163-601A-49C1-8CB7-E013859BFF10}.Debug|x86.Build.0 = Debug|Win32
		{8C19F163-601A-49C1-8CB7-E013859BFF10}.Release|x64.ActiveCfg = Release|x64
		{8C19F163-601A-49C1-8CB7-E013859BFF10}.Release|x64.Build.0 = Release|x64
		{8C19F163-601A-49C1-8CB7-E013859BFF10}.Release|x86.ActiveCfg = Release|Win32
		{8C19F163-601A-49C1-8CB7-E013859BFF10}.Release|x86.Build.0 = Release|Win32
		{5294315F-C5DF-449B-BBD5-BE4596C5DA3E}.Debug|x64.ActiveCfg = Debug|x64
		{5294315F-C5DF-449B-BBD5-BE4596C5DA3E}.Debug|x64.Build.0 = Debug|x64
		{5294315F-C5DF-449B-BBD5-BE4596C5DA3E}.Debug|x86.ActiveCfg = Debug|Win32
		{5294315F-C5DF-449B-BBD5-BE4596C5DA3E}.Debug|x86.Build.0 = Debug|Win32
		{5294315F-C5DF-449B-BBD5-BE4596C5DA3E}.Release|x64.ActiveCfg = Release|x64
		{5294315F-C5DF-449B-BBD5-BE4596C5DA3E}.Release|x64.Build.0 = Release|x64
		{5294315F-C5DF-449B-BBD5-BE4596C5DA3E}.Release|x86.ActiveCfg = Release|Win32
		{5294315F-C5DF-449B-BBD5-BE4596C5DA3E}.Release|x86.Build.0 = Release|Win32
		{CEFCFB05-DACE-43B8-9806-C34C187D5659}.Debug|x64.ActiveCfg = Debug|x64
		{CEFCFB05-DACE-43B8-9806-C34C187D5659}.Debug|x64.Build.0 = Debug|x64
		{CEFCFB05-DACE-43B8-9806-C34C187D5659}.Debug|x86.ActiveCfg = Debug|Win32
		{CEFCFB05-DACE-43B8-9806-C34C187D5659}.Debug|x86.Build.0 = Debug|Win32
		{CEFCFB05-DACE-43B8-9806-C34C187D5659}.Release|x64.ActiveCfg = Release|x64
		{CEFCFB05-DACE-43B8-9806-C34C187D5659}.Release|x64.Build.0 = Release|x64
		{CEFCFB05-DACE-43B8-9806-C34C187D5659}.Release|x86.ActiveCfg = Release|Win32
		{CEFCFB05-DACE-43B8-9806-C34C187D5659}.Release|x86.Build.0 = Release|Win32
		{82335E6B-3FFB-475B-B464-40ADC253CBD0}.Debug|x64.ActiveCfg = Debug|x64
		{82335E6B-3FFB-475B-B464-40ADC253CBD0}.Debug|x64.Build.0 = Debug|x64
		{82335E6B-3FFB-475B-B464-40ADC253CBD0}.Debug|x86.ActiveCfg = Debug|Win32
		{82335E6B-3FFB-475B-B464-40ADC253CBD0}.Debug|x86.Build.0 = Debug|Win32
		{82335E6B-3FFB-475B-B464-40ADC253CBD0}.Release|x64.ActiveCfg = Release|x64
		{82335E6B-3FFB-475B-B464-40ADC253CBD0}.Release|x64.Build.0 = Release|x64
		{82335E6B-3FFB-475B-B464-40ADC253CBD0}.Release|x86.ActiveCfg = Release|Win32
		{82335E6B-3FFB-475B-B464-40ADC253CBD0}.Release|x86.Build.0 = Release|Win32
		{F1E47E62-947D-4B94-BB27-1AF2931D7A77}.Debug|x64.ActiveCfg = Debug|x64
		{F1E47E62-947D-4B94-BB27-1AF2931D7A77}.Debug|x64.Build.0 = Debug|x64
		{F1E47E62-947D-4B94-BB27-1AF2931D7A77}.Debug|x86.ActiveCfg = Debug|Win32
		{F1E47E62-947D-4B94-BB27-1AF2931D7A77}.Debug|x86.Build.0 = Debug|Win32
		{F1E47E62-947D-4B94-BB27-1AF2931D7A77}.Release|x64.ActiveCfg = Release|x64
		{F1E47E62-947D-4B94-BB27-1AF2931D7A77}.Release|x64.Build.0 = Release|x64
		{F1E47E62-947D-4B94-BB27-1AF2931D7A77}.Release|x86.ActiveCfg = Release|Win32
		{F1E47E62-947D-4B94-BB27-1AF2931D7A77}.Release|x86.Build.0 = Release|Win32
		{A709AB6E-77E4-468F-A67E-055DBED37DC6}.Debug|x64.ActiveCfg = Debug|x64
		{A709AB6E-77E4-468F-A67E-055DBED37DC6}.Debug|x64.Build.0 = Debug|x64
		{A709AB6E-77E4-468F-A67E-055DBED37DC6}.Debug|x86.ActiveCfg = Debug|Win32
		{A709AB6E-77E4-468F-A67E-055DBED37DC6}.Debug|x86.Build.0 = Debug|Win32
		{A709AB6E-77E4-468F-A67E-055DBED37DC6}.Release|x64.ActiveCfg = Release|x64
		{A709AB6E-77E4-468F-A67E-055DBED37DC6}.Release|x64.Build.0 = Release|x64
		{A709AB6E-77E4-468F-A67E-055DBED37DC6}.Release|x86.ActiveCfg = Release|Win32
		{A709AB6E-77E4-468F-A67E-055DBED37DC6}.Release|x86.Build.0 = Release|Win32
		{DD56FF65-0A0A-40B5-912E-2D3131B9640D}.Debug|x64.ActiveCfg = Debug|x64
		{DD56FF65-0A0A-40B5-912E-2D3131B9640D}.Debug|x64.Build.0 = Debug|x64
		{DD56FF65-0A0A-40B5-912E-2D3131B9640D}.Debug|x86.ActiveCfg = Debug|Win32
		{DD56FF65-0A0A-40B5-912E-2D3131B9640D}.Debug|x86.Build.0 = Debug|Win32
		{DD56FF65-0A0A-40B5-912E-2D3131B9640D}.Release|x64.ActiveCfg = Release|x64
		{DD56FF65-0A0A-40B5-912E-2D3131B9640D}.Release|x64.Build.0 = Release|x64
		{DD56FF65-0A0A-40B5-912E-2D3131B9640D}.Release|x86.ActiveCfg = Release|Win32
		{DD56FF65-0A0A-40B5-912E-2D3131B9640D}.Release|x86.Build.0 = Release|Win32
	EndGlobalSection
	GlobalSection(SolutionProperties) = preSolution
		HideSolutionNode = FALSE
	EndGlobalSection
	GlobalSection(ExtensibilityGlobals) = postSolution
		SolutionGuid = {B32C47AA-5409-4C17-A30C-2ECAF5DCF86E}
	EndGlobalSection
EndGlobal
